
Microsoft Visual Studio Solution File, Format Version 12.00
# Visual Studio Version 17
VisualStudioVersion = 17.3.32929.385
MinimumVisualStudioVersion = 10.0.40219.1
Project("{FAE04EC0-301F-11D3-BF4B-00C04F79EFBC}") = "Task_5_1", "Task_5_1\Task_5_1.csproj", "{5CF72390-BC09-45B9-ADAF-492DE1DBB252}"
EndProject
Global
	GlobalSection(SolutionConfigurationPlatforms) = preSolution
		Debug|Any CPU = Debug|Any CPU
		Release|Any CPU = Release|Any CPU
	EndGlobalSection
	GlobalSection(ProjectConfigurationPlatforms) = postSolution
		{5CF72390-BC09-45B9-ADAF-492DE1DBB252}.Debug|Any CPU.ActiveCfg = Debug|Any CPU
		{5CF72390-BC09-45B9-ADAF-492DE1DBB252}.Debug|Any CPU.Build.0 = Debug|Any CPU
		{5CF72390-BC09-45B9-ADAF-492DE1DBB252}.Release|Any CPU.ActiveCfg = Release|Any CPU
		{5CF72390-BC09-45B9-ADAF-492DE1DBB252}.Release|Any CPU.Build.0 = Release|Any CPU
	EndGlobalSection
	GlobalSection(SolutionProperties) = preSolution
		HideSolutionNode = FALSE
	EndGlobalSection
	GlobalSection(ExtensibilityGlobals) = postSolution
		SolutionGuid = {D8F9D7A1-C628-4CC0-804E-5BA7AC7A6368}
	EndGlobalSection
EndGlobal
